Microsoft Visual Studio Solution File, Format Version 11.00
# Visual Studio 2008

Project("{3E2FBBCD-ACE6-30AE-E2F5-A7A8DB996574}") = "ActionRPGTutorial", "Assembly-CSharp.csproj", "{82848297-5A19-6DF3-3AF5-D88DF1DB047C}"
EndProject
Global
	GlobalSection(SolutionConfigurationPlatforms) = preSolution
		Debug|Any CPU = Debug|Any CPU
		Release|Any CPU = Release|Any CPU
	EndGlobalSection
	GlobalSection(ProjectConfigurationPlatforms) = postSolution
		{82848297-5A19-6DF3-3AF5-D88DF1DB047C}.Debug|Any CPU.ActiveCfg = Debug|Any CPU
		{82848297-5A19-6DF3-3AF5-D88DF1DB047C}.Debug|Any CPU.Build.0 = Debug|Any CPU
		{82848297-5A19-6DF3-3AF5-D88DF1DB047C}.Release|Any CPU.ActiveCfg = Release|Any CPU
		{82848297-5A19-6DF3-3AF5-D88DF1DB047C}.Release|Any CPU.Build.0 = Release|Any CPU
	EndGlobalSection
	GlobalSection(SolutionProperties) = preSolution
		HideSolutionNode = FALSE
	EndGlobalSection
	GlobalSection(MonoDevelopProperties) = preSolution
		StartupItem = Assembly-CSharp.csproj
	EndGlobalSection
EndGlobal
